schema: '2.0'
stages:
  visualize_data:
    cmd: python src/data_visualization.py
    deps:
    - path: data/raw/bank-additional-full.csv
      hash: md5
      md5: f6cb2c1256ffe2836b36df321f46e92c
      size: 5834924
    - path: src/data_visualization.py
      hash: md5
      md5: 09b981660990a9d2a1381fa3980761f1
      size: 4734
    outs:
    - path: docs/figures/correlaciones_numericas.png
      hash: md5
      md5: 6b412f44f64d1c7b6a70d8b51a500e47
      size: 166890
    - path: docs/figures/distribucion_edad.png
      hash: md5
      md5: 792abcae069b56846174e3c2e1a55d45
      size: 46439
    - path: docs/figures/distribucion_education.png
      hash: md5
      md5: f7d62c4dfe200a8c1ce62ec44088c48e
      size: 37212
    - path: docs/figures/distribucion_target.png
      hash: md5
      md5: 9702af8fc859335be2e1355018a976aa
      size: 39211
    - path: docs/figures/reporte_dataset.html
      hash: md5
      md5: 4666ae8c2454eb17188db28eb792ba32
      size: 1750159
    - path: docs/figures/tasa_suscripcion_education.png
      hash: md5
      md5: 0fbde12d419d4fbd365213e1c691b953
      size: 41818
    - path: docs/figures/tasa_suscripcion_mes.png
      hash: md5
      md5: fe461bdd2d4347ce2337cc3dd117aaaf
      size: 29332
  test_data_quality:
    cmd: pytest test/test_data_quality.py --html=docs/test_results/results.html 
      --self-contained-html --junitxml=docs/test_results/results.xml > 
      docs/test_results/results.txt
    deps:
    - path: data/raw/bank-additional-full.csv
      hash: md5
      md5: f6cb2c1256ffe2836b36df321f46e92c
      size: 5834924
    - path: test/test_data_quality.py
      hash: md5
      md5: 58f62b6de74f1694efcd3df2fe720575
      size: 3004
    outs:
    - path: docs/test_results/results.html
      hash: md5
      md5: 0f08bd301676b99bfb4b1044ff067569
      size: 34508
    - path: docs/test_results/results.txt
      hash: md5
      md5: 4bedb6ccb9db763aa8bbf3b3b8f7cb77
      size: 679
    - path: docs/test_results/results.xml
      hash: md5
      md5: 1457fd2b28a8cdb7a432deca642a0c36
      size: 500
  test_data_gx:
    cmd: pytest test/test_data_gx.py --html=docs/test_results/results_gx.html 
      --self-contained-html --junitxml=docs/test_results/results_gx.xml > 
      docs/test_results/results_gx.txt
    deps:
    - path: data/raw/bank-additional-full.csv
      hash: md5
      md5: f6cb2c1256ffe2836b36df321f46e92c
      size: 5834924
    - path: test/test_data_gx.py
      hash: md5
      md5: ad5f79ed16a53cf77d1ab78a2144b6a1
      size: 1986
    outs:
    - path: docs/test_results/results_gx.html
      hash: md5
      md5: a7a5ff8be13eb04241c74275b541997c
      size: 33307
  preprocess_data:
    cmd: python src/data_preparation.py
    deps:
    - path: data/raw/bank-additional-full.csv
      hash: md5
      md5: f6cb2c1256ffe2836b36df321f46e92c
      size: 5834924
    - path: src/data_preparation.py
      hash: md5
      md5: fe5a5d3851ebf263d9231c24558ad296
      size: 3101
    outs:
    - path: data/processed/bank-processed.csv
      hash: md5
      md5: 38447cfb6a7c96127d517c3ff6667123
      size: 208870
